{
	"name": "Discord-Bot-Maker-Bot",
	"version": "1.2.9",
	"lockfileVersion": 2,
	"requires": true,
	"packages": {
		"": {
			"name": "Discord-Bot-Maker-Bot",
			"version": "1.2.9",
			"dependencies": {
				"discord.js": "^11.2.0",
				"fstorm": "^0.1.3",
				"jimp": "^0.2.28",
				"valid-url": "^1.0.9"
			}
		},
		"node_modules/ajv": {
			"version": "4.11.8",
			"license": "MIT",
			"dependencies": {
				"co": "^4.6.0",
				"json-stable-stringify": "^1.0.1"
			}
		},
		"node_modules/asn1": {
			"version": "0.2.3",
			"license": "MIT"
		},
		"node_modules/assert-plus": {
			"version": "0.2.0",
			"license": "MIT",
			"engines": {
				"node": ">=0.8"
			}
		},
		"node_modules/asynckit": {
			"version": "0.4.0",
			"license": "MIT"
		},
		"node_modules/aws-sign2": {
			"version": "0.6.0",
			"license": "Apache-2.0",
			"engines": {
				"node": "*"
			}
		},
		"node_modules/aws4": {
			"version": "1.6.0",
			"license": "MIT"
		},
		"node_modules/bcrypt-pbkdf": {
			"version": "1.0.1",
			"license": "BSD-3-Clause",
			"optional": true,
			"dependencies": {
				"tweetnacl": "^0.14.3"
			}
		},
		"node_modules/bcrypt-pbkdf/node_modules/tweetnacl": {
			"version": "0.14.5",
			"license": "Unlicense",
			"optional": true
		},
		"node_modules/bignumber.js": {
			"version": "2.4.0",
			"license": "MIT",
			"engines": {
				"node": "*"
			}
		},
		"node_modules/bmp-js": {
			"version": "0.0.3",
			"license": "MIT"
		},
		"node_modules/boom": {
			"version": "2.10.1",
			"license": "BSD-3-Clause",
			"dependencies": {
				"hoek": "2.x.x"
			},
			"engines": {
				"node": ">=0.10.40"
			}
		},
		"node_modules/buffer-equal": {
			"version": "0.0.1",
			"license": "MIT",
			"engines": {
				"node": ">=0.4.0"
			}
		},
		"node_modules/caseless": {
			"version": "0.12.0",
			"license": "Apache-2.0"
		},
		"node_modules/co": {
			"version": "4.6.0",
			"license": "MIT",
			"engines": {
				"iojs": ">= 1.0.0",
				"node": ">= 0.12.0"
			}
		},
		"node_modules/combined-stream": {
			"version": "1.0.5",
			"license": "MIT",
			"dependencies": {
				"delayed-stream": "~1.0.0"
			},
			"engines": {
				"node": ">= 0.8"
			}
		},
		"node_modules/core-util-is": {
			"version": "1.0.2",
			"license": "MIT"
		},
		"node_modules/cryptiles": {
			"version": "2.0.5",
			"license": "BSD-3-Clause",
			"dependencies": {
				"boom": "2.x.x"
			},
			"engines": {
				"node": ">=0.10.40"
			}
		},
		"node_modules/cryptiles/node_modules/boom": {
			"version": "5.2.0",
			"license": "BSD-3-Clause",
			"dependencies": {
				"hoek": "4.x.x"
			},
			"engines": {
				"node": ">=4.0.0"
			}
		},
		"node_modules/dashdash": {
			"version": "1.14.1",
			"license": "MIT",
			"dependencies": {
				"assert-plus": "^1.0.0"
			},
			"engines": {
				"node": ">=0.10"
			}
		},
		"node_modules/dashdash/node_modules/assert-plus": {
			"version": "1.0.0",
			"license": "MIT",
			"engines": {
				"node": ">=0.8"
			}
		},
		"node_modules/delayed-stream": {
			"version": "1.0.0",
			"license": "MIT",
			"engines": {
				"node": ">=0.4.0"
			}
		},
		"node_modules/discord.js": {
			"version": "11.2.1",
			"license": "Apache-2.0",
			"dependencies": {
				"long": "^3.2.0",
				"prism-media": "^0.0.1",
				"snekfetch": "^3.3.0",
				"tweetnacl": "^1.0.0",
				"ws": "^3.1.0"
			},
			"engines": {
				"node": ">=6.0.0"
			},
			"peerDependencies": {
				"bufferutil": "^3.0.2",
				"erlpack": "hammerandchisel/erlpack",
				"libsodium-wrappers": "^0.5.4",
				"node-opus": "^0.2.6",
				"opusscript": "^0.0.3",
				"sodium": "^2.0.1",
				"uws": "^0.14.5"
			}
		},
		"node_modules/discord.js/node_modules/tweetnacl": {
			"version": "1.0.0",
			"license": "Unlicense"
		},
		"node_modules/dom-walk": {
			"version": "0.1.1"
		},
		"node_modules/ecc-jsbn": {
			"version": "0.1.1",
			"license": "MIT",
			"optional": true,
			"dependencies": {
				"jsbn": "~0.1.0"
			}
		},
		"node_modules/es6-promise": {
			"version": "3.3.1",
			"license": "MIT"
		},
		"node_modules/eventemitter3": {
			"version": "1.2.0",
			"license": "MIT"
		},
		"node_modules/exif-parser": {
			"version": "0.1.12"
		},
		"node_modules/extend": {
			"version": "3.0.1",
			"license": "MIT"
		},
		"node_modules/extsprintf": {
			"version": "1.3.0",
			"engines": [
				"node >=0.6.0"
			],
			"license": "MIT"
		},
		"node_modules/file-type": {
			"version": "3.9.0",
			"license": "MIT",
			"engines": {
				"node": ">=0.10.0"
			}
		},
		"node_modules/for-each": {
			"version": "0.3.2",
			"dependencies": {
				"is-function": "~1.0.0"
			}
		},
		"node_modules/forever-agent": {
			"version": "0.6.1",
			"license": "Apache-2.0",
			"engines": {
				"node": "*"
			}
		},
		"node_modules/form-data": {
			"version": "2.1.4",
			"license": "MIT",
			"dependencies": {
				"asynckit": "^0.4.0",
				"combined-stream": "^1.0.5",
				"mime-types": "^2.1.12"
			},
			"engines": {
				"node": ">= 0.12"
			}
		},
		"node_modules/fstorm": {
			"version": "0.1.3",
			"license": "MIT",
			"dependencies": {
				"eventemitter3": "^1.1.0"
			}
		},
		"node_modules/getpass": {
			"version": "0.1.7",
			"license": "MIT",
			"dependencies": {
				"assert-plus": "^1.0.0"
			}
		},
		"node_modules/getpass/node_modules/assert-plus": {
			"version": "1.0.0",
			"license": "MIT",
			"engines": {
				"node": ">=0.8"
			}
		},
		"node_modules/global": {
			"version": "4.3.2",
			"license": "MIT",
			"dependencies": {
				"min-document": "^2.19.0",
				"process": "~0.5.1"
			}
		},
		"node_modules/har-schema": {
			"version": "1.0.5",
			"license": "ISC",
			"engines": {
				"node": ">=4"
			}
		},
		"node_modules/har-validator": {
			"version": "4.2.1",
			"license": "ISC",
			"dependencies": {
				"ajv": "^4.9.1",
				"har-schema": "^1.0.5"
			},
			"engines": {
				"node": ">=4"
			}
		},
		"node_modules/hawk": {
			"version": "3.1.3",
			"license": "BSD-3-Clause",
			"dependencies": {
				"boom": "2.x.x",
				"cryptiles": "2.x.x",
				"hoek": "2.x.x",
				"sntp": "1.x.x"
			},
			"engines": {
				"node": ">=0.10.32"
			}
		},
		"node_modules/hoek": {
			"version": "2.16.3",
			"license": "BSD-3-Clause",
			"engines": {
				"node": ">=0.10.40"
			}
		},
		"node_modules/http-signature": {
			"version": "1.1.1",
			"license": "MIT",
			"dependencies": {
				"assert-plus": "^0.2.0",
				"jsprim": "^1.2.2",
				"sshpk": "^1.7.0"
			},
			"engines": {
				"node": ">=0.8",
				"npm": ">=1.3.7"
			}
		},
		"node_modules/ip-regex": {
			"version": "1.0.3",
			"license": "MIT",
			"engines": {
				"node": ">=0.10.0"
			}
		},
		"node_modules/is-function": {
			"version": "1.0.1",
			"license": "MIT"
		},
		"node_modules/is-typedarray": {
			"version": "1.0.0",
			"license": "MIT"
		},
		"node_modules/isstream": {
			"version": "0.1.2",
			"license": "MIT"
		},
		"node_modules/jimp": {
			"version": "0.2.28",
			"license": "MIT",
			"dependencies": {
				"bignumber.js": "^2.1.0",
				"bmp-js": "0.0.3",
				"es6-promise": "^3.0.2",
				"exif-parser": "^0.1.9",
				"file-type": "^3.1.0",
				"jpeg-js": "^0.2.0",
				"load-bmfont": "^1.2.3",
				"mime": "^1.3.4",
				"mkdirp": "0.5.1",
				"pixelmatch": "^4.0.0",
				"pngjs": "^3.0.0",
				"read-chunk": "^1.0.1",
				"request": "^2.65.0",
				"stream-to-buffer": "^0.1.0",
				"tinycolor2": "^1.1.2",
				"url-regex": "^3.0.0"
			}
		},
		"node_modules/jpeg-js": {
			"version": "0.2.0",
			"license": "BSD-3-Clause"
		},
		"node_modules/jsbn": {
			"version": "0.1.1",
			"license": "MIT",
			"optional": true
		},
		"node_modules/json-schema": {
			"version": "0.2.3"
		},
		"node_modules/json-stable-stringify": {
			"version": "1.0.1",
			"license": "MIT",
			"dependencies": {
				"jsonify": "~0.0.0"
			}
		},
		"node_modules/json-stringify-safe": {
			"version": "5.0.1",
			"license": "ISC"
		},
		"node_modules/jsonify": {
			"version": "0.0.0",
			"license": "Public Domain",
			"engines": {
				"node": "*"
			}
		},
		"node_modules/jsprim": {
			"version": "1.4.1",
			"engines": [
				"node >=0.6.0"
			],
			"license": "MIT",
			"dependencies": {
				"assert-plus": "1.0.0",
				"extsprintf": "1.3.0",
				"json-schema": "0.2.3",
				"verror": "1.10.0"
			}
		},
		"node_modules/jsprim/node_modules/assert-plus": {
			"version": "1.0.0",
			"license": "MIT",
			"engines": {
				"node": ">=0.8"
			}
		},
		"node_modules/load-bmfont": {
			"version": "1.3.0",
			"license": "MIT",
			"dependencies": {
				"buffer-equal": "0.0.1",
				"mime": "^1.3.4",
				"parse-bmfont-ascii": "^1.0.3",
				"parse-bmfont-binary": "^1.0.5",
				"parse-bmfont-xml": "^1.1.0",
				"xhr": "^2.0.1",
				"xtend": "^4.0.0"
			}
		},
		"node_modules/long": {
			"version": "3.2.0",
			"license": "Apache-2.0",
			"engines": {
				"node": ">=0.6"
			}
		},
		"node_modules/mime": {
			"version": "1.4.0",
			"license": "MIT",
			"bin": {
				"mime": "cli.js"
			}
		},
		"node_modules/mime-db": {
			"version": "1.30.0",
			"license": "MIT",
			"engines": {
				"node": ">= 0.6"
			}
		},
		"node_modules/mime-types": {
			"version": "2.1.17",
			"license": "MIT",
			"dependencies": {
				"mime-db": "~1.30.0"
			},
			"engines": {
				"node": ">= 0.6"
			}
		},
		"node_modules/min-document": {
			"version": "2.19.0",
			"dependencies": {
				"dom-walk": "^0.1.0"
			}
		},
		"node_modules/minimist": {
			"version": "0.0.8",
			"license": "MIT"
		},
		"node_modules/mkdirp": {
			"version": "0.5.1",
			"license": "MIT",
			"dependencies": {
				"minimist": "0.0.8"
			},
			"bin": {
				"mkdirp": "bin/cmd.js"
			}
		},
		"node_modules/oauth-sign": {
			"version": "0.8.2",
			"license": "Apache-2.0",
			"engines": {
				"node": "*"
			}
		},
		"node_modules/parse-bmfont-ascii": {
			"version": "1.0.6",
			"license": "MIT"
		},
		"node_modules/parse-bmfont-binary": {
			"version": "1.0.6",
			"license": "MIT"
		},
		"node_modules/parse-bmfont-xml": {
			"version": "1.1.3",
			"license": "MIT",
			"dependencies": {
				"xml-parse-from-string": "^1.0.0",
				"xml2js": "^0.4.5"
			}
		},
		"node_modules/parse-headers": {
			"version": "2.0.1",
			"license": "MIT",
			"dependencies": {
				"for-each": "^0.3.2",
				"trim": "0.0.1"
			}
		},
		"node_modules/performance-now": {
			"version": "0.2.0",
			"license": "MIT"
		},
		"node_modules/pixelmatch": {
			"version": "4.0.2",
			"license": "ISC",
			"dependencies": {
				"pngjs": "^3.0.0"
			},
			"bin": {
				"pixelmatch": "bin/pixelmatch"
			}
		},
		"node_modules/pngjs": {
			"version": "3.3.0",
			"license": "MIT",
			"engines": {
				"node": ">=4.0.0"
			}
		},
		"node_modules/prism-media": {
			"version": "0.0.1",
			"license": "Apache-2.0"
		},
		"node_modules/process": {
			"version": "0.5.2",
			"engines": {
				"node": ">= 0.6.0"
			}
		},
		"node_modules/punycode": {
			"version": "1.4.1",
			"license": "MIT"
		},
		"node_modules/qs": {
			"version": "6.4.0",
			"license": "BSD-3-Clause",
			"engines": {
				"node": ">=0.6"
			}
		},
		"node_modules/read-chunk": {
			"version": "1.0.1",
			"license": "MIT",
			"engines": {
				"node": ">=0.10.0"
			}
		},
		"node_modules/request": {
			"version": "2.81.0",
			"license": "Apache-2.0",
			"dependencies": {
				"aws-sign2": "~0.6.0",
				"aws4": "^1.2.1",
				"caseless": "~0.12.0",
				"combined-stream": "~1.0.5",
				"extend": "~3.0.0",
				"forever-agent": "~0.6.1",
				"form-data": "~2.1.1",
				"har-validator": "~4.2.1",
				"hawk": "~3.1.3",
				"http-signature": "~1.1.0",
				"is-typedarray": "~1.0.0",
				"isstream": "~0.1.2",
				"json-stringify-safe": "~5.0.1",
				"mime-types": "~2.1.7",
				"oauth-sign": "~0.8.1",
				"performance-now": "^0.2.0",
				"qs": "~6.4.0",
				"safe-buffer": "^5.0.1",
				"stringstream": "~0.0.4",
				"tough-cookie": "~2.3.0",
				"tunnel-agent": "^0.6.0",
				"uuid": "^3.0.0"
			},
			"engines": {
				"node": ">= 4"
			}
		},
		"node_modules/safe-buffer": {
			"version": "5.1.1",
			"license": "MIT"
		},
		"node_modules/sax": {
			"version": "1.2.4",
			"license": "ISC"
		},
		"node_modules/snekfetch": {
			"version": "3.3.0",
			"license": "MIT"
		},
		"node_modules/sntp": {
			"version": "1.0.9",
			"dependencies": {
				"hoek": "2.x.x"
			},
			"engines": {
				"node": ">=0.8.0"
			}
		},
		"node_modules/sshpk": {
			"version": "1.13.1",
			"license": "MIT",
			"dependencies": {
				"asn1": "~0.2.3",
				"assert-plus": "^1.0.0",
				"dashdash": "^1.12.0",
				"getpass": "^0.1.1"
			},
			"bin": {
				"sshpk-conv": "bin/sshpk-conv",
				"sshpk-sign": "bin/sshpk-sign",
				"sshpk-verify": "bin/sshpk-verify"
			},
			"engines": {
				"node": ">=0.10.0"
			},
			"optionalDependencies": {
				"bcrypt-pbkdf": "^1.0.0",
				"ecc-jsbn": "~0.1.1",
				"jsbn": "~0.1.0",
				"tweetnacl": "~0.14.0"
			}
		},
		"node_modules/sshpk/node_modules/assert-plus": {
			"version": "1.0.0",
			"license": "MIT",
			"engines": {
				"node": ">=0.8"
			}
		},
		"node_modules/sshpk/node_modules/tweetnacl": {
			"version": "0.14.5",
			"license": "Unlicense",
			"optional": true
		},
		"node_modules/stream-to": {
			"version": "0.2.2",
			"license": "MIT",
			"engines": {
				"node": ">= 0.10.0"
			}
		},
		"node_modules/stream-to-buffer": {
			"version": "0.1.0",
			"license": "MIT",
			"dependencies": {
				"stream-to": "~0.2.0"
			},
			"engines": {
				"node": ">= 0.8"
			}
		},
		"node_modules/stringstream": {
			"version": "0.0.5",
			"license": "MIT"
		},
		"node_modules/tinycolor2": {
			"version": "1.4.1",
			"license": "MIT",
			"engines": {
				"node": "*"
			}
		},
		"node_modules/tough-cookie": {
			"version": "2.3.2",
			"license": "BSD-3-Clause",
			"dependencies": {
				"punycode": "^1.4.1"
			},
			"engines": {
				"node": ">=0.8"
			}
		},
		"node_modules/trim": {
			"version": "0.0.1"
		},
		"node_modules/tunnel-agent": {
			"version": "0.6.0",
			"license": "Apache-2.0",
			"dependencies": {
				"safe-buffer": "^5.0.1"
			},
			"engines": {
				"node": "*"
			}
		},
		"node_modules/ultron": {
			"version": "1.1.0",
			"license": "MIT"
		},
		"node_modules/url-regex": {
			"version": "3.2.0",
			"license": "MIT",
			"dependencies": {
				"ip-regex": "^1.0.1"
			},
			"engines": {
				"node": ">=0.10.0"
			}
		},
		"node_modules/uuid": {
			"version": "3.1.0",
			"license": "MIT",
			"bin": {
				"uuid": "bin/uuid"
			}
		},
		"node_modules/valid-url": {
			"version": "1.0.9",
			"resolved": "https://registry.npmjs.org/valid-url/-/valid-url-1.0.9.tgz",
			"integrity": "sha1-HBRHm0DxOXp1eC8RXkCGRHQzogA="
		},
		"node_modules/verror": {
			"version": "1.10.0",
			"engines": [
				"node >=0.6.0"
			],
			"license": "MIT",
			"dependencies": {
				"assert-plus": "^1.0.0",
				"core-util-is": "1.0.2",
				"extsprintf": "^1.2.0"
			}
		},
		"node_modules/verror/node_modules/assert-plus": {
			"version": "1.0.0",
			"license": "MIT",
			"engines": {
				"node": ">=0.8"
			}
		},
		"node_modules/ws": {
			"version": "3.1.0",
			"license": "MIT",
			"dependencies": {
				"safe-buffer": "~5.1.0",
				"ultron": "~1.1.0"
			}
		},
		"node_modules/xhr": {
			"version": "2.4.0",
			"license": "MIT",
			"dependencies": {
				"global": "~4.3.0",
				"is-function": "^1.0.1",
				"parse-headers": "^2.0.0",
				"xtend": "^4.0.0"
			}
		},
		"node_modules/xml-parse-from-string": {
			"version": "1.0.1",
			"license": "MIT"
		},
		"node_modules/xml2js": {
			"version": "0.4.19",
			"license": "MIT",
			"dependencies": {
				"sax": ">=0.6.0",
				"xmlbuilder": "~9.0.1"
			}
		},
		"node_modules/xmlbuilder": {
			"version": "9.0.4",
			"license": "MIT",
			"engines": {
				"node": ">=4.0"
			}
		},
		"node_modules/xtend": {
			"version": "4.0.1",
			"license": "MIT",
			"engines": {
				"node": ">=0.4"
			}
		}
	},
	"dependencies": {
		"ajv": {
			"version": "4.11.8",
			"requires": {
				"co": "^4.6.0",
				"json-stable-stringify": "^1.0.1"
			}
		},
		"asn1": {
			"version": "0.2.3"
		},
		"assert-plus": {
			"version": "0.2.0"
		},
		"asynckit": {
			"version": "0.4.0"
		},
		"aws-sign2": {
			"version": "0.6.0"
		},
		"aws4": {
			"version": "1.6.0"
		},
		"bcrypt-pbkdf": {
			"version": "1.0.1",
			"optional": true,
			"requires": {
				"tweetnacl": "^0.14.3"
			},
			"dependencies": {
				"tweetnacl": {
					"version": "0.14.5",
					"optional": true
				}
			}
		},
		"bignumber.js": {
			"version": "2.4.0"
		},
		"bmp-js": {
			"version": "0.0.3"
		},
		"boom": {
			"version": "2.10.1",
			"requires": {
				"hoek": "2.x.x"
			}
		},
		"buffer-equal": {
			"version": "0.0.1"
		},
		"caseless": {
			"version": "0.12.0"
		},
		"co": {
			"version": "4.6.0"
		},
		"combined-stream": {
			"version": "1.0.5",
			"requires": {
				"delayed-stream": "~1.0.0"
			}
		},
		"core-util-is": {
			"version": "1.0.2"
		},
		"cryptiles": {
			"version": "2.0.5",
			"requires": {
				"boom": "2.x.x"
			},
			"dependencies": {
				"boom": {
					"version": "5.2.0",
					"requires": {
						"hoek": "4.x.x"
					}
				}
			}
		},
		"dashdash": {
			"version": "1.14.1",
			"requires": {
				"assert-plus": "^1.0.0"
			},
			"dependencies": {
				"assert-plus": {
					"version": "1.0.0"
				}
			}
		},
		"delayed-stream": {
			"version": "1.0.0"
		},
		"discord.js": {
			"version": "11.2.1",
			"requires": {
				"long": "^3.2.0",
				"prism-media": "^0.0.1",
				"snekfetch": "^3.3.0",
				"tweetnacl": "^1.0.0",
				"ws": "^3.1.0"
			},
			"dependencies": {
				"tweetnacl": {
					"version": "1.0.0"
				}
			}
		},
		"dom-walk": {
			"version": "0.1.1"
		},
		"ecc-jsbn": {
			"version": "0.1.1",
			"optional": true,
			"requires": {
				"jsbn": "~0.1.0"
			}
		},
		"es6-promise": {
			"version": "3.3.1"
		},
		"eventemitter3": {
			"version": "1.2.0"
		},
		"exif-parser": {
			"version": "0.1.12"
		},
		"extend": {
			"version": "3.0.1"
		},
		"extsprintf": {
			"version": "1.3.0"
		},
		"file-type": {
			"version": "3.9.0"
		},
		"for-each": {
			"version": "0.3.2",
			"requires": {
				"is-function": "~1.0.0"
			}
		},
		"forever-agent": {
			"version": "0.6.1"
		},
		"form-data": {
			"version": "2.1.4",
			"requires": {
				"asynckit": "^0.4.0",
				"combined-stream": "^1.0.5",
				"mime-types": "^2.1.12"
			}
		},
		"fstorm": {
			"version": "0.1.3",
			"requires": {
				"eventemitter3": "^1.1.0"
			}
		},
		"getpass": {
			"version": "0.1.7",
			"requires": {
				"assert-plus": "^1.0.0"
			},
			"dependencies": {
				"assert-plus": {
					"version": "1.0.0"
				}
			}
		},
		"global": {
			"version": "4.3.2",
			"requires": {
				"min-document": "^2.19.0",
				"process": "~0.5.1"
			}
		},
		"har-schema": {
			"version": "1.0.5"
		},
		"har-validator": {
			"version": "4.2.1",
			"requires": {
				"ajv": "^4.9.1",
				"har-schema": "^1.0.5"
			}
		},
		"hawk": {
			"version": "3.1.3",
			"requires": {
				"boom": "2.x.x",
				"cryptiles": "2.x.x",
				"hoek": "2.x.x",
				"sntp": "1.x.x"
			}
		},
		"hoek": {
			"version": "2.16.3"
		},
		"http-signature": {
			"version": "1.1.1",
			"requires": {
				"assert-plus": "^0.2.0",
				"jsprim": "^1.2.2",
				"sshpk": "^1.7.0"
			}
		},
		"ip-regex": {
			"version": "1.0.3"
		},
		"is-function": {
			"version": "1.0.1"
		},
		"is-typedarray": {
			"version": "1.0.0"
		},
		"isstream": {
			"version": "0.1.2"
		},
		"jimp": {
			"version": "0.2.28",
			"requires": {
				"bignumber.js": "^2.1.0",
				"bmp-js": "0.0.3",
				"es6-promise": "^3.0.2",
				"exif-parser": "^0.1.9",
				"file-type": "^3.1.0",
				"jpeg-js": "^0.2.0",
				"load-bmfont": "^1.2.3",
				"mime": "^1.3.4",
				"mkdirp": "0.5.1",
				"pixelmatch": "^4.0.0",
				"pngjs": "^3.0.0",
				"read-chunk": "^1.0.1",
				"request": "^2.65.0",
				"stream-to-buffer": "^0.1.0",
				"tinycolor2": "^1.1.2",
				"url-regex": "^3.0.0"
			}
		},
		"jpeg-js": {
			"version": "0.2.0"
		},
		"jsbn": {
			"version": "0.1.1",
			"optional": true
		},
		"json-schema": {
			"version": "0.2.3"
		},
		"json-stable-stringify": {
			"version": "1.0.1",
			"requires": {
				"jsonify": "~0.0.0"
			}
		},
		"json-stringify-safe": {
			"version": "5.0.1"
		},
		"jsonify": {
			"version": "0.0.0"
		},
		"jsprim": {
			"version": "1.4.1",
			"requires": {
				"assert-plus": "1.0.0",
				"extsprintf": "1.3.0",
				"json-schema": "0.2.3",
				"verror": "1.10.0"
			},
			"dependencies": {
				"assert-plus": {
					"version": "1.0.0"
				}
			}
		},
		"load-bmfont": {
			"version": "1.3.0",
			"requires": {
				"buffer-equal": "0.0.1",
				"mime": "^1.3.4",
				"parse-bmfont-ascii": "^1.0.3",
				"parse-bmfont-binary": "^1.0.5",
				"parse-bmfont-xml": "^1.1.0",
				"xhr": "^2.0.1",
				"xtend": "^4.0.0"
			}
		},
		"long": {
			"version": "3.2.0"
		},
		"mime": {
			"version": "1.4.0"
		},
		"mime-db": {
			"version": "1.30.0"
		},
		"mime-types": {
			"version": "2.1.17",
			"requires": {
				"mime-db": "~1.30.0"
			}
		},
		"min-document": {
			"version": "2.19.0",
			"requires": {
				"dom-walk": "^0.1.0"
			}
		},
		"minimist": {
			"version": "0.0.8"
		},
		"mkdirp": {
			"version": "0.5.1",
			"requires": {
				"minimist": "0.0.8"
			}
		},
		"oauth-sign": {
			"version": "0.8.2"
		},
		"parse-bmfont-ascii": {
			"version": "1.0.6"
		},
		"parse-bmfont-binary": {
			"version": "1.0.6"
		},
		"parse-bmfont-xml": {
			"version": "1.1.3",
			"requires": {
				"xml-parse-from-string": "^1.0.0",
				"xml2js": "^0.4.5"
			}
		},
		"parse-headers": {
			"version": "2.0.1",
			"requires": {
				"for-each": "^0.3.2",
				"trim": "0.0.1"
			}
		},
		"performance-now": {
			"version": "0.2.0"
		},
		"pixelmatch": {
			"version": "4.0.2",
			"requires": {
				"pngjs": "^3.0.0"
			}
		},
		"pngjs": {
			"version": "3.3.0"
		},
		"prism-media": {
			"version": "0.0.1"
		},
		"process": {
			"version": "0.5.2"
		},
		"punycode": {
			"version": "1.4.1"
		},
		"qs": {
			"version": "6.4.0"
		},
		"read-chunk": {
			"version": "1.0.1"
		},
		"request": {
			"version": "2.81.0",
			"requires": {
				"aws-sign2": "~0.6.0",
				"aws4": "^1.2.1",
				"caseless": "~0.12.0",
				"combined-stream": "~1.0.5",
				"extend": "~3.0.0",
				"forever-agent": "~0.6.1",
				"form-data": "~2.1.1",
				"har-validator": "~4.2.1",
				"hawk": "~3.1.3",
				"http-signature": "~1.1.0",
				"is-typedarray": "~1.0.0",
				"isstream": "~0.1.2",
				"json-stringify-safe": "~5.0.1",
				"mime-types": "~2.1.7",
				"oauth-sign": "~0.8.1",
				"performance-now": "^0.2.0",
				"qs": "~6.4.0",
				"safe-buffer": "^5.0.1",
				"stringstream": "~0.0.4",
				"tough-cookie": "~2.3.0",
				"tunnel-agent": "^0.6.0",
				"uuid": "^3.0.0"
			}
		},
		"safe-buffer": {
			"version": "5.1.1"
		},
		"sax": {
			"version": "1.2.4"
		},
		"snekfetch": {
			"version": "3.3.0"
		},
		"sntp": {
			"version": "1.0.9",
			"requires": {
				"hoek": "2.x.x"
			}
		},
		"sshpk": {
			"version": "1.13.1",
			"requires": {
				"asn1": "~0.2.3",
				"assert-plus": "^1.0.0",
				"bcrypt-pbkdf": "^1.0.0",
				"dashdash": "^1.12.0",
				"ecc-jsbn": "~0.1.1",
				"getpass": "^0.1.1",
				"jsbn": "~0.1.0",
				"tweetnacl": "~0.14.0"
			},
			"dependencies": {
				"assert-plus": {
					"version": "1.0.0"
				},
				"tweetnacl": {
					"version": "0.14.5",
					"optional": true
				}
			}
		},
		"stream-to": {
			"version": "0.2.2"
		},
		"stream-to-buffer": {
			"version": "0.1.0",
			"requires": {
				"stream-to": "~0.2.0"
			}
		},
		"stringstream": {
			"version": "0.0.5"
		},
		"tinycolor2": {
			"version": "1.4.1"
		},
		"tough-cookie": {
			"version": "2.3.2",
			"requires": {
				"punycode": "^1.4.1"
			}
		},
		"trim": {
			"version": "0.0.1"
		},
		"tunnel-agent": {
			"version": "0.6.0",
			"requires": {
				"safe-buffer": "^5.0.1"
			}
		},
		"ultron": {
			"version": "1.1.0"
		},
		"url-regex": {
			"version": "3.2.0",
			"requires": {
				"ip-regex": "^1.0.1"
			}
		},
		"uuid": {
			"version": "3.1.0"
		},
		"valid-url": {
			"version": "1.0.9",
			"resolved": "https://registry.npmjs.org/valid-url/-/valid-url-1.0.9.tgz",
			"integrity": "sha1-HBRHm0DxOXp1eC8RXkCGRHQzogA="
		},
		"verror": {
			"version": "1.10.0",
			"requires": {
				"assert-plus": "^1.0.0",
				"core-util-is": "1.0.2",
				"extsprintf": "^1.2.0"
			},
			"dependencies": {
				"assert-plus": {
					"version": "1.0.0"
				}
			}
		},
		"ws": {
			"version": "3.1.0",
			"requires": {
				"safe-buffer": "~5.1.0",
				"ultron": "~1.1.0"
			}
		},
		"xhr": {
			"version": "2.4.0",
			"requires": {
				"global": "~4.3.0",
				"is-function": "^1.0.1",
				"parse-headers": "^2.0.0",
				"xtend": "^4.0.0"
			}
		},
		"xml-parse-from-string": {
			"version": "1.0.1"
		},
		"xml2js": {
			"version": "0.4.19",
			"requires": {
				"sax": ">=0.6.0",
				"xmlbuilder": "~9.0.1"
			}
		},
		"xmlbuilder": {
			"version": "9.0.4"
		},
		"xtend": {
			"version": "4.0.1"
		}
	}
}
